
Microsoft Visual Studio Solution File, Format Version 12.00
# Visual Studio Version 16
VisualStudioVersion = 16.0.31129.286
MinimumVisualStudioVersion = 10.0.40219.1
Project("{FAE04EC0-301F-11D3-BF4B-00C04F79EFBC}") = "SixPartAssignment.cs", "SixPartAssignment.cs\SixPartAssignment.cs.csproj", "{245C6F86-0E64-423A-86C7-2A56026A376E}"
EndProject
Global
	GlobalSection(SolutionConfigurationPlatforms) = preSolution
		Debug|Any CPU = Debug|Any CPU
		Release|Any CPU = Release|Any CPU
	EndGlobalSection
	GlobalSection(ProjectConfigurationPlatforms) = postSolution
		{245C6F86-0E64-423A-86C7-2A56026A376E}.Debug|Any CPU.ActiveCfg = Debug|Any CPU
		{245C6F86-0E64-423A-86C7-2A56026A376E}.Debug|Any CPU.Build.0 = Debug|Any CPU
		{245C6F86-0E64-423A-86C7-2A56026A376E}.Release|Any CPU.ActiveCfg = Release|Any CPU
		{245C6F86-0E64-423A-86C7-2A56026A376E}.Release|Any CPU.Build.0 = Release|Any CPU
	EndGlobalSection
	GlobalSection(SolutionProperties) = preSolution
		HideSolutionNode = FALSE
	EndGlobalSection
	GlobalSection(ExtensibilityGlobals) = postSolution
		SolutionGuid = {462B300B-3282-4A43-A39E-C2D71191E6DB}
	EndGlobalSection
EndGlobal
