
Microsoft Visual Studio Solution File, Format Version 12.00
# Visual Studio Version 16
VisualStudioVersion = 16.0.31129.286
MinimumVisualStudioVersion = 10.0.40219.1
Project("{FAE04EC0-301F-11D3-BF4B-00C04F79EFBC}") = "LambdaPractice", "LambdaPractice\LambdaPractice.csproj", "{D1EAB502-50E4-4309-8CC0-23A65688723A}"
EndProject
Global
	GlobalSection(SolutionConfigurationPlatforms) = preSolution
		Debug|Any CPU = Debug|Any CPU
		Release|Any CPU = Release|Any CPU
	EndGlobalSection
	GlobalSection(ProjectConfigurationPlatforms) = postSolution
		{D1EAB502-50E4-4309-8CC0-23A65688723A}.Debug|Any CPU.ActiveCfg = Debug|Any CPU
		{D1EAB502-50E4-4309-8CC0-23A65688723A}.Debug|Any CPU.Build.0 = Debug|Any CPU
		{D1EAB502-50E4-4309-8CC0-23A65688723A}.Release|Any CPU.ActiveCfg = Release|Any CPU
		{D1EAB502-50E4-4309-8CC0-23A65688723A}.Release|Any CPU.Build.0 = Release|Any CPU
	EndGlobalSection
	GlobalSection(SolutionProperties) = preSolution
		HideSolutionNode = FALSE
	EndGlobalSection
	GlobalSection(ExtensibilityGlobals) = postSolution
		SolutionGuid = {66E17A52-4F5B-47DF-8304-063AAA330358}
	EndGlobalSection
EndGlobal
