
Microsoft Visual Studio Solution File, Format Version 12.00
# Visual Studio Version 16
VisualStudioVersion = 16.0.31129.286
MinimumVisualStudioVersion = 10.0.40219.1
Project("{FAE04EC0-301F-11D3-BF4B-00C04F79EFBC}") = "VoidMethod2", "VoidMethod2\VoidMethod2.csproj", "{C5649A58-6DE3-4325-8E4C-5977E40007E2}"
EndProject
Global
	GlobalSection(SolutionConfigurationPlatforms) = preSolution
		Debug|Any CPU = Debug|Any CPU
		Release|Any CPU = Release|Any CPU
	EndGlobalSection
	GlobalSection(ProjectConfigurationPlatforms) = postSolution
		{C5649A58-6DE3-4325-8E4C-5977E40007E2}.Debug|Any CPU.ActiveCfg = Debug|Any CPU
		{C5649A58-6DE3-4325-8E4C-5977E40007E2}.Debug|Any CPU.Build.0 = Debug|Any CPU
		{C5649A58-6DE3-4325-8E4C-5977E40007E2}.Release|Any CPU.ActiveCfg = Release|Any CPU
		{C5649A58-6DE3-4325-8E4C-5977E40007E2}.Release|Any CPU.Build.0 = Release|Any CPU
	EndGlobalSection
	GlobalSection(SolutionProperties) = preSolution
		HideSolutionNode = FALSE
	EndGlobalSection
	GlobalSection(ExtensibilityGlobals) = postSolution
		SolutionGuid = {C2E3AF83-C025-4EAC-A39A-0A430EAC9DDD}
	EndGlobalSection
EndGlobal
