
Microsoft Visual Studio Solution File, Format Version 12.00
# Visual Studio Version 16
VisualStudioVersion = 16.0.31129.286
MinimumVisualStudioVersion = 10.0.40219.1
Project("{FAE04EC0-301F-11D3-BF4B-00C04F79EFBC}") = "TryCatch.cs", "TryCatch.cs\TryCatch.cs.csproj", "{14ED4279-FB4E-4C6B-9AB4-627CB9DAB483}"
EndProject
Global
	GlobalSection(SolutionConfigurationPlatforms) = preSolution
		Debug|Any CPU = Debug|Any CPU
		Release|Any CPU = Release|Any CPU
	EndGlobalSection
	GlobalSection(ProjectConfigurationPlatforms) = postSolution
		{14ED4279-FB4E-4C6B-9AB4-627CB9DAB483}.Debug|Any CPU.ActiveCfg = Debug|Any CPU
		{14ED4279-FB4E-4C6B-9AB4-627CB9DAB483}.Debug|Any CPU.Build.0 = Debug|Any CPU
		{14ED4279-FB4E-4C6B-9AB4-627CB9DAB483}.Release|Any CPU.ActiveCfg = Release|Any CPU
		{14ED4279-FB4E-4C6B-9AB4-627CB9DAB483}.Release|Any CPU.Build.0 = Release|Any CPU
	EndGlobalSection
	GlobalSection(SolutionProperties) = preSolution
		HideSolutionNode = FALSE
	EndGlobalSection
	GlobalSection(ExtensibilityGlobals) = postSolution
		SolutionGuid = {03D09F60-9158-4199-93EC-A32B8312F4C6}
	EndGlobalSection
EndGlobal
